
Microsoft Visual Studio Solution File, Format Version 12.00
# Visual Studio Version 17
VisualStudioVersion = 17.6.33723.286
MinimumVisualStudioVersion = 10.0.40219.1
Project("{FAE04EC0-301F-11D3-BF4B-00C04F79EFBC}") = "project", "project\project.csproj", "{D3067CE9-528F-40FF-8AB3-22025205977B}"
EndProject
Global
	GlobalSection(SolutionConfigurationPlatforms) = preSolution
		Debug|Any CPU = Debug|Any CPU
		Release|Any CPU = Release|Any CPU
	EndGlobalSection
	GlobalSection(ProjectConfigurationPlatforms) = postSolution
		{D3067CE9-528F-40FF-8AB3-22025205977B}.Debug|Any CPU.ActiveCfg = Debug|Any CPU
		{D3067CE9-528F-40FF-8AB3-22025205977B}.Debug|Any CPU.Build.0 = Debug|Any CPU
		{D3067CE9-528F-40FF-8AB3-22025205977B}.Release|Any CPU.ActiveCfg = Release|Any CPU
		{D3067CE9-528F-40FF-8AB3-22025205977B}.Release|Any CPU.Build.0 = Release|Any CPU
	EndGlobalSection
	GlobalSection(SolutionProperties) = preSolution
		HideSolutionNode = FALSE
	EndGlobalSection
	GlobalSection(ExtensibilityGlobals) = postSolution
		SolutionGuid = {3B44A863-94E2-4BF0-AFE6-1326D870301F}
	EndGlobalSection
EndGlobal
